
Microsoft Visual Studio Solution File, Format Version 12.00
# Visual Studio Version 17
VisualStudioVersion = 17.0.31903.59
MinimumVisualStudioVersion = 10.0.40219.1
Project("{FAE04EC0-301F-11D3-BF4B-00C04F79EFBC}") = "CoreEngine", "CoreEngine\CoreEngine.csproj", "{68C1DC12-EBCA-4DC0-A472-C98D45E0D602}"
EndProject
Project("{FAE04EC0-301F-11D3-BF4B-00C04F79EFBC}") = "CoreCLI", "CoreCLI\CoreCLI.csproj", "{FAA0B6D8-EB5F-4F52-ACEB-CD0D1886CFF5}"
EndProject
Global
	GlobalSection(SolutionConfigurationPlatforms) = preSolution
		Debug|Any CPU = Debug|Any CPU
		Release|Any CPU = Release|Any CPU
	EndGlobalSection
	GlobalSection(SolutionProperties) = preSolution
		HideSolutionNode = FALSE
	EndGlobalSection
	GlobalSection(ProjectConfigurationPlatforms) = postSolution
		{68C1DC12-EBCA-4DC0-A472-C98D45E0D602}.Debug|Any CPU.ActiveCfg = Debug|Any CPU
		{68C1DC12-EBCA-4DC0-A472-C98D45E0D602}.Debug|Any CPU.Build.0 = Debug|Any CPU
		{68C1DC12-EBCA-4DC0-A472-C98D45E0D602}.Release|Any CPU.ActiveCfg = Release|Any CPU
		{68C1DC12-EBCA-4DC0-A472-C98D45E0D602}.Release|Any CPU.Build.0 = Release|Any CPU
		{FAA0B6D8-EB5F-4F52-ACEB-CD0D1886CFF5}.Debug|Any CPU.ActiveCfg = Debug|Any CPU
		{FAA0B6D8-EB5F-4F52-ACEB-CD0D1886CFF5}.Debug|Any CPU.Build.0 = Debug|Any CPU
		{FAA0B6D8-EB5F-4F52-ACEB-CD0D1886CFF5}.Release|Any CPU.ActiveCfg = Release|Any CPU
		{FAA0B6D8-EB5F-4F52-ACEB-CD0D1886CFF5}.Release|Any CPU.Build.0 = Release|Any CPU
	EndGlobalSection
EndGlobal
